
Microsoft Visual Studio Solution File, Format Version 12.00
# Visual Studio Version 17
VisualStudioVersion = 17.9.34728.123
MinimumVisualStudioVersion = 10.0.40219.1
Project("{FAE04EC0-301F-11D3-BF4B-00C04F79EFBC}") = "ArraysAndLists", "ArraysAndLists.csproj", "{76BF8F85-09B1-43EB-9A11-EAF26A32B8DD}"
EndProject
Global
	GlobalSection(SolutionConfigurationPlatforms) = preSolution
		Debug|Any CPU = Debug|Any CPU
		Release|Any CPU = Release|Any CPU
	EndGlobalSection
	GlobalSection(ProjectConfigurationPlatforms) = postSolution
		{76BF8F85-09B1-43EB-9A11-EAF26A32B8DD}.Debug|Any CPU.ActiveCfg = Debug|Any CPU
		{76BF8F85-09B1-43EB-9A11-EAF26A32B8DD}.Debug|Any CPU.Build.0 = Debug|Any CPU
		{76BF8F85-09B1-43EB-9A11-EAF26A32B8DD}.Release|Any CPU.ActiveCfg = Release|Any CPU
		{76BF8F85-09B1-43EB-9A11-EAF26A32B8DD}.Release|Any CPU.Build.0 = Release|Any CPU
	EndGlobalSection
	GlobalSection(SolutionProperties) = preSolution
		HideSolutionNode = FALSE
	EndGlobalSection
	GlobalSection(ExtensibilityGlobals) = postSolution
		SolutionGuid = {45B25575-9673-45A1-8DB3-0290A0E90198}
	EndGlobalSection
EndGlobal
