
Microsoft Visual Studio Solution File, Format Version 12.00
# Visual Studio Version 17
VisualStudioVersion = 17.11.35327.3
MinimumVisualStudioVersion = 10.0.40219.1
Project("{FAE04EC0-301F-11D3-BF4B-00C04F79EFBC}") = "TryCatchAssignment", "TryCatchAssignment.csproj", "{94FE468C-9B09-43D5-A369-DA0B148F85D1}"
EndProject
Global
	GlobalSection(SolutionConfigurationPlatforms) = preSolution
		Debug|Any CPU = Debug|Any CPU
		Release|Any CPU = Release|Any CPU
	EndGlobalSection
	GlobalSection(ProjectConfigurationPlatforms) = postSolution
		{94FE468C-9B09-43D5-A369-DA0B148F85D1}.Debug|Any CPU.ActiveCfg = Debug|Any CPU
		{94FE468C-9B09-43D5-A369-DA0B148F85D1}.Debug|Any CPU.Build.0 = Debug|Any CPU
		{94FE468C-9B09-43D5-A369-DA0B148F85D1}.Release|Any CPU.ActiveCfg = Release|Any CPU
		{94FE468C-9B09-43D5-A369-DA0B148F85D1}.Release|Any CPU.Build.0 = Release|Any CPU
	EndGlobalSection
	GlobalSection(SolutionProperties) = preSolution
		HideSolutionNode = FALSE
	EndGlobalSection
	GlobalSection(ExtensibilityGlobals) = postSolution
		SolutionGuid = {015B139F-EC25-4FE1-9236-324A3711CAE2}
	EndGlobalSection
EndGlobal
