
Microsoft Visual Studio Solution File, Format Version 12.00
# Visual Studio Version 17
VisualStudioVersion = 17.9.34728.123
MinimumVisualStudioVersion = 10.0.40219.1
Project("{FAE04EC0-301F-11D3-BF4B-00C04F79EFBC}") = "MathAndComparisonOperators", "MathAndComparisonOperators.csproj", "{A8D796F3-C249-4117-9801-0C07F6763AAE}"
EndProject
Global
	GlobalSection(SolutionConfigurationPlatforms) = preSolution
		Debug|Any CPU = Debug|Any CPU
		Release|Any CPU = Release|Any CPU
	EndGlobalSection
	GlobalSection(ProjectConfigurationPlatforms) = postSolution
		{A8D796F3-C249-4117-9801-0C07F6763AAE}.Debug|Any CPU.ActiveCfg = Debug|Any CPU
		{A8D796F3-C249-4117-9801-0C07F6763AAE}.Debug|Any CPU.Build.0 = Debug|Any CPU
		{A8D796F3-C249-4117-9801-0C07F6763AAE}.Release|Any CPU.ActiveCfg = Release|Any CPU
		{A8D796F3-C249-4117-9801-0C07F6763AAE}.Release|Any CPU.Build.0 = Release|Any CPU
	EndGlobalSection
	GlobalSection(SolutionProperties) = preSolution
		HideSolutionNode = FALSE
	EndGlobalSection
	GlobalSection(ExtensibilityGlobals) = postSolution
		SolutionGuid = {75069121-4129-4A56-B337-B6BA81D173C9}
	EndGlobalSection
EndGlobal
