
Microsoft Visual Studio Solution File, Format Version 12.00
# Visual Studio Version 17
VisualStudioVersion = 17.9.34728.123
MinimumVisualStudioVersion = 10.0.40219.1
Project("{FAE04EC0-301F-11D3-BF4B-00C04F79EFBC}") = "CallingMethodsAssignment", "CallingMethodsAssignment.csproj", "{79C6C590-BF4C-41D6-BEDB-CDF48827280C}"
EndProject
Global
	GlobalSection(SolutionConfigurationPlatforms) = preSolution
		Debug|Any CPU = Debug|Any CPU
		Release|Any CPU = Release|Any CPU
	EndGlobalSection
	GlobalSection(ProjectConfigurationPlatforms) = postSolution
		{79C6C590-BF4C-41D6-BEDB-CDF48827280C}.Debug|Any CPU.ActiveCfg = Debug|Any CPU
		{79C6C590-BF4C-41D6-BEDB-CDF48827280C}.Debug|Any CPU.Build.0 = Debug|Any CPU
		{79C6C590-BF4C-41D6-BEDB-CDF48827280C}.Release|Any CPU.ActiveCfg = Release|Any CPU
		{79C6C590-BF4C-41D6-BEDB-CDF48827280C}.Release|Any CPU.Build.0 = Release|Any CPU
	EndGlobalSection
	GlobalSection(SolutionProperties) = preSolution
		HideSolutionNode = FALSE
	EndGlobalSection
	GlobalSection(ExtensibilityGlobals) = postSolution
		SolutionGuid = {8B836D1B-D618-4A74-83E3-40EA69993CAC}
	EndGlobalSection
EndGlobal
