
Microsoft Visual Studio Solution File, Format Version 12.00
# Visual Studio Version 17
VisualStudioVersion = 17.9.34728.123
MinimumVisualStudioVersion = 10.0.40219.1
Project("{FAE04EC0-301F-11D3-BF4B-00C04F79EFBC}") = "VariablesAndDataTypes", "VariablesAndDataTypes.csproj", "{EC83060F-8851-4981-AB0C-09CDD7C87F29}"
EndProject
Global
	GlobalSection(SolutionConfigurationPlatforms) = preSolution
		Debug|Any CPU = Debug|Any CPU
		Release|Any CPU = Release|Any CPU
	EndGlobalSection
	GlobalSection(ProjectConfigurationPlatforms) = postSolution
		{EC83060F-8851-4981-AB0C-09CDD7C87F29}.Debug|Any CPU.ActiveCfg = Debug|Any CPU
		{EC83060F-8851-4981-AB0C-09CDD7C87F29}.Debug|Any CPU.Build.0 = Debug|Any CPU
		{EC83060F-8851-4981-AB0C-09CDD7C87F29}.Release|Any CPU.ActiveCfg = Release|Any CPU
		{EC83060F-8851-4981-AB0C-09CDD7C87F29}.Release|Any CPU.Build.0 = Release|Any CPU
	EndGlobalSection
	GlobalSection(SolutionProperties) = preSolution
		HideSolutionNode = FALSE
	EndGlobalSection
	GlobalSection(ExtensibilityGlobals) = postSolution
		SolutionGuid = {CF2A216D-84E1-4EC5-AEB1-942FD3B72EAE}
	EndGlobalSection
EndGlobal
