
Microsoft Visual Studio Solution File, Format Version 12.00
# Visual Studio Version 17
VisualStudioVersion = 17.9.34728.123
MinimumVisualStudioVersion = 10.0.40219.1
Project("{FAE04EC0-301F-11D3-BF4B-00C04F79EFBC}") = "Branching", "Branching.csproj", "{D0FFB5EA-6A36-49A5-8978-973E7A8DF23B}"
EndProject
Global
	GlobalSection(SolutionConfigurationPlatforms) = preSolution
		Debug|Any CPU = Debug|Any CPU
		Release|Any CPU = Release|Any CPU
	EndGlobalSection
	GlobalSection(ProjectConfigurationPlatforms) = postSolution
		{D0FFB5EA-6A36-49A5-8978-973E7A8DF23B}.Debug|Any CPU.ActiveCfg = Debug|Any CPU
		{D0FFB5EA-6A36-49A5-8978-973E7A8DF23B}.Debug|Any CPU.Build.0 = Debug|Any CPU
		{D0FFB5EA-6A36-49A5-8978-973E7A8DF23B}.Release|Any CPU.ActiveCfg = Release|Any CPU
		{D0FFB5EA-6A36-49A5-8978-973E7A8DF23B}.Release|Any CPU.Build.0 = Release|Any CPU
	EndGlobalSection
	GlobalSection(SolutionProperties) = preSolution
		HideSolutionNode = FALSE
	EndGlobalSection
	GlobalSection(ExtensibilityGlobals) = postSolution
		SolutionGuid = {C89A0EF8-C6DB-4567-A946-65970B4F13A2}
	EndGlobalSection
EndGlobal
