
Microsoft Visual Studio Solution File, Format Version 12.00
# Visual Studio Version 17
VisualStudioVersion = 17.9.34728.123
MinimumVisualStudioVersion = 10.0.40219.1
Project("{FAE04EC0-301F-11D3-BF4B-00C04F79EFBC}") = "Math_and_Comparison_Operators_Assignment", "Math_and_Comparison_Operators_Assignment.csproj", "{E505F838-961B-4A29-A975-C221F7E8D5E8}"
EndProject
Global
	GlobalSection(SolutionConfigurationPlatforms) = preSolution
		Debug|Any CPU = Debug|Any CPU
		Release|Any CPU = Release|Any CPU
	EndGlobalSection
	GlobalSection(ProjectConfigurationPlatforms) = postSolution
		{E505F838-961B-4A29-A975-C221F7E8D5E8}.Debug|Any CPU.ActiveCfg = Debug|Any CPU
		{E505F838-961B-4A29-A975-C221F7E8D5E8}.Debug|Any CPU.Build.0 = Debug|Any CPU
		{E505F838-961B-4A29-A975-C221F7E8D5E8}.Release|Any CPU.ActiveCfg = Release|Any CPU
		{E505F838-961B-4A29-A975-C221F7E8D5E8}.Release|Any CPU.Build.0 = Release|Any CPU
	EndGlobalSection
	GlobalSection(SolutionProperties) = preSolution
		HideSolutionNode = FALSE
	EndGlobalSection
	GlobalSection(ExtensibilityGlobals) = postSolution
		SolutionGuid = {C31C21EE-C6F6-4EFB-AD25-5F07BD132875}
	EndGlobalSection
EndGlobal
