
Microsoft Visual Studio Solution File, Format Version 12.00
# Visual Studio Version 17
VisualStudioVersion = 17.9.34728.123
MinimumVisualStudioVersion = 10.0.40219.1
Project("{FAE04EC0-301F-11D3-BF4B-00C04F79EFBC}") = "Console_Application_Assignment", "Console_Application_Assignment.csproj", "{B7EFC2D8-2C17-4FAE-A1E8-A69E4DAB6E5D}"
EndProject
Global
	GlobalSection(SolutionConfigurationPlatforms) = preSolution
		Debug|Any CPU = Debug|Any CPU
		Release|Any CPU = Release|Any CPU
	EndGlobalSection
	GlobalSection(ProjectConfigurationPlatforms) = postSolution
		{B7EFC2D8-2C17-4FAE-A1E8-A69E4DAB6E5D}.Debug|Any CPU.ActiveCfg = Debug|Any CPU
		{B7EFC2D8-2C17-4FAE-A1E8-A69E4DAB6E5D}.Debug|Any CPU.Build.0 = Debug|Any CPU
		{B7EFC2D8-2C17-4FAE-A1E8-A69E4DAB6E5D}.Release|Any CPU.ActiveCfg = Release|Any CPU
		{B7EFC2D8-2C17-4FAE-A1E8-A69E4DAB6E5D}.Release|Any CPU.Build.0 = Release|Any CPU
	EndGlobalSection
	GlobalSection(SolutionProperties) = preSolution
		HideSolutionNode = FALSE
	EndGlobalSection
	GlobalSection(ExtensibilityGlobals) = postSolution
		SolutionGuid = {C45A3E6A-B73C-4433-A612-3DFE072AF747}
	EndGlobalSection
EndGlobal
